// !$*UTF8*$!
{
	archiveVersion = 1;
	classes = {
	};
	objectVersion = 50;
	objects = {

/* Begin PBXBuildFile section */
		DCD15DB1230499B500D94A46 /* AppDelegate.swift in Sources */ = {isa = PBXBuildFile; fileRef = DCD15DB0230499B500D94A46 /* AppDelegate.swift */; };
		DCD15DB3230499B500D94A46 /* ViewController.swift in Sources */ = {isa = PBXBuildFile; fileRef = DCD15DB2230499B500D94A46 /* ViewController.swift */; };
		DCD15DB6230499B500D94A46 /* Main.storyboard in Resources */ = {isa = PBXBuildFile; fileRef = DCD15DB4230499B500D94A46 /* Main.storyboard */; };
		DCD15DB9230499B500D94A46 /* PhotoAlbum.xcdatamodeld in Sources */ = {isa = PBXBuildFile; fileRef = DCD15DB7230499B500D94A46 /* PhotoAlbum.xcdatamodeld */; };
		DCD15DBB230499BA00D94A46 /* Assets.xcassets in Resources */ = {isa = PBXBuildFile; fileRef = DCD15DBA230499BA00D94A46 /* Assets.xcassets */; };
		DCD15DBE230499BA00D94A46 /* LaunchScreen.storyboard in Resources */ = {isa = PBXBuildFile; fileRef = DCD15DBC230499BA00D94A46 /* LaunchScreen.storyboard */; };
		DCD15DC62305E32E00D94A46 /* CollectionViewCell.swift in Sources */ = {isa = PBXBuildFile; fileRef = DCD15DC52305E32E00D94A46 /* CollectionViewCell.swift */; };
		DCD15DC8230C8EFD00D94A46 /* ImageTask.swift in Sources */ = {isa = PBXBuildFile; fileRef = DCD15DC7230C8EFD00D94A46 /* ImageTask.swift */; };
		DCD15DCA230DEEB100D94A46 /* Extensions.swift in Sources */ = {isa = PBXBuildFile; fileRef = DCD15DC9230DEEB100D94A46 /* Extensions.swift */; };
/* End PBXBuildFile section */

/* Begin PBXFileReference section */
		DCD15DAD230499B400D94A46 /* PhotoAlbum.app */ = {isa = PBXFileReference; explicitFileType = wrapper.application; includeInIndex = 0; path = PhotoAlbum.app; sourceTree = BUILT_PRODUCTS_DIR; };
		DCD15DB0230499B500D94A46 /* AppDelegate.swift */ = {isa = PBXFileReference; lastKnownFileType = sourcecode.swift; path = AppDelegate.swift; sourceTree = "<group>"; };
		DCD15DB2230499B500D94A46 /* ViewController.swift */ = {isa = PBXFileReference; lastKnownFileType = sourcecode.swift; path = ViewController.swift; sourceTree = "<group>"; };
		DCD15DB5230499B500D94A46 /* Base */ = {isa = PBXFileReference; lastKnownFileType = file.storyboard; name = Base; path = Base.lproj/Main.storyboard; sourceTree = "<group>"; };
		DCD15DB8230499B500D94A46 /* PhotoAlbum.xcdatamodel */ = {isa = PBXFileReference; lastKnownFileType = wrapper.xcdatamodel; path = PhotoAlbum.xcdatamodel; sourceTree = "<group>"; };
		DCD15DBA230499BA00D94A46 /* Assets.xcassets */ = {isa = PBXFileReference; lastKnownFileType = folder.assetcatalog; path = Assets.xcassets; sourceTree = "<group>"; };
		DCD15DBD230499BA00D94A46 /* Base */ = {isa = PBXFileReference; lastKnownFileType = file.storyboard; name = Base; path = Base.lproj/LaunchScreen.storyboard; sourceTree = "<group>"; };
		DCD15DBF230499BA00D94A46 /* Info.plist */ = {isa = PBXFileReference; lastKnownFileType = text.plist.xml; path = Info.plist; sourceTree = "<group>"; };
		DCD15DC52305E32E00D94A46 /* CollectionViewCell.swift */ = {isa = PBXFileReference; lastKnownFileType = sourcecode.swift; path = CollectionViewCell.swift; sourceTree = "<group>"; };
		DCD15DC7230C8EFD00D94A46 /* ImageTask.swift */ = {isa = PBXFileReference; lastKnownFileType = sourcecode.swift; path = ImageTask.swift; sourceTree = "<group>"; };
		DCD15DC9230DEEB100D94A46 /* Extensions.swift */ = {isa = PBXFileReference; lastKnownFileType = sourcecode.swift; path = Extensions.swift; sourceTree = "<group>"; };
/* End PBXFileReference section */

/* Begin PBXFrameworksBuildPhase section */
		DCD15DAA230499B400D94A46 /* Frameworks */ = {
			isa = PBXFrameworksBuildPhase;
			buildActionMask = 2147483647;
			files = (
			);
			runOnlyForDeploymentPostprocessing = 0;
		};
/* End PBXFrameworksBuildPhase section */

/* Begin PBXGroup section */
		DCD15DA4230499B400D94A46 = {
			isa = PBXGroup;
			children = (
				DCD15DAF230499B400D94A46 /* PhotoAlbum */,
				DCD15DAE230499B400D94A46 /* Products */,
			);
			sourceTree = "<group>";
		};
		DCD15DAE230499B400D94A46 /* Products */ = {
			isa = PBXGroup;
			children = (
				DCD15DAD230499B400D94A46 /* PhotoAlbum.app */,
			);
			name = Products;
			sourceTree = "<group>";
		};
		DCD15DAF230499B400D94A46 /* PhotoAlbum */ = {
			isa = PBXGroup;
			children = (
				DCD15DB0230499B500D94A46 /* AppDelegate.swift */,
				DCD15DC7230C8EFD00D94A46 /* ImageTask.swift */,
				DCD15DB2230499B500D94A46 /* ViewController.swift */,
				DCD15DC9230DEEB100D94A46 /* Extensions.swift */,
				DCD15DC52305E32E00D94A46 /* CollectionViewCell.swift */,
				DCD15DB4230499B500D94A46 /* Main.storyboard */,
				DCD15DBA230499BA00D94A46 /* Assets.xcassets */,
				DCD15DBC230499BA00D94A46 /* LaunchScreen.storyboard */,
				DCD15DBF230499BA00D94A46 /* Info.plist */,
				DCD15DB7230499B500D94A46 /* PhotoAlbum.xcdatamodeld */,
			);
			path = PhotoAlbum;
			sourceTree = "<group>";
		};
/* End PBXGroup section */

/* Begin PBXNativeTarget section */
		DCD15DAC230499B400D94A46 /* PhotoAlbum */ = {
			isa = PBXNativeTarget;
			buildConfigurationList = DCD15DC2230499BA00D94A46 /* Build configuration list for PBXNativeTarget "PhotoAlbum" */;
			buildPhases = (
				DCD15DA9230499B400D94A46 /* Sources */,
				DCD15DAA230499B400D94A46 /* Frameworks */,
				DCD15DAB230499B400D94A46 /* Resources */,
			);
			buildRules = (
			);
			dependencies = (
			);
			name = PhotoAlbum;
			productName = PhotoAlbum;
			productReference = DCD15DAD230499B400D94A46 /* PhotoAlbum.app */;
			productType = "com.apple.product-type.application";
		};
/* End PBXNativeTarget section */

/* Begin PBXProject section */
		DCD15DA5230499B400D94A46 /* Project object */ = {
			isa = PBXProject;
			attributes = {
				LastSwiftUpdateCheck = 1010;
				LastUpgradeCheck = 1010;
				ORGANIZATIONNAME = BudzkoVitali;
				TargetAttributes = {
					DCD15DAC230499B400D94A46 = {
						CreatedOnToolsVersion = 10.1;
					};
				};
			};
			buildConfigurationList = DCD15DA8230499B400D94A46 /* Build configuration list for PBXProject "PhotoAlbum" */;
			compatibilityVersion = "Xcode 9.3";
			developmentRegion = en;
			hasScannedForEncodings = 0;
			knownRegions = (
				en,
				Base,
			);
			mainGroup = DCD15DA4230499B400D94A46;
			productRefGroup = DCD15DAE230499B400D94A46 /* Products */;
			projectDirPath = "";
			projectRoot = "";
			targets = (
				DCD15DAC230499B400D94A46 /* PhotoAlbum */,
			);
		};
/* End PBXProject section */

/* Begin PBXResourcesBuildPhase section */
		DCD15DAB230499B400D94A46 /* Resources */ = {
			isa = PBXResourcesBuildPhase;
			buildActionMask = 2147483647;
			files = (
				DCD15DBE230499BA00D94A46 /* LaunchScreen.storyboard in Resources */,
				DCD15DBB230499BA00D94A46 /* Assets.xcassets in Resources */,
				DCD15DB6230499B500D94A46 /* Main.storyboard in Resources */,
			);
			runOnlyForDeploymentPostprocessing = 0;
		};
/* End PBXResourcesBuildPhase section */

/* Begin PBXSourcesBuildPhase section */
		DCD15DA9230499B400D94A46 /* Sources */ = {
			isa = PBXSourcesBuildPhase;
			buildActionMask = 2147483647;
			files = (
				DCD15DB9230499B500D94A46 /* PhotoAlbum.xcdatamodeld in Sources */,
				DCD15DCA230DEEB100D94A46 /* Extensions.swift in Sources */,
				DCD15DB3230499B500D94A46 /* ViewController.swift in Sources */,
				DCD15DC62305E32E00D94A46 /* CollectionViewCell.swift in Sources */,
				DCD15DB1230499B500D94A46 /* AppDelegate.swift in Sources */,
				DCD15DC8230C8EFD00D94A46 /* ImageTask.swift in Sources */,
			);
			runOnlyForDeploymentPostprocessing = 0;
		};
/* End PBXSourcesBuildPhase section */

/* Begin PBXVariantGroup section */
		DCD15DB4230499B500D94A46 /* Main.storyboard */ = {
			isa = PBXVariantGroup;
			children = (
				DCD15DB5230499B500D94A46 /* Base */,
			);
			name = Main.storyboard;
			sourceTree = "<group>";
		};
		DCD15DBC230499BA00D94A46 /* LaunchScreen.storyboard */ = {
			isa = PBXVariantGroup;
			children = (
				DCD15DBD230499BA00D94A46 /* Base */,
			);
			name = LaunchScreen.storyboard;
			sourceTree = "<group>";
		};
/* End PBXVariantGroup section */

/* Begin XCBuildConfiguration section */
		DCD15DC0230499BA00D94A46 /* Debug */ = {
			isa = XCBuildConfiguration;
			buildSettings = {
				ALWAYS_SEARCH_USER_PATHS = NO;
				CLANG_ANALYZER_NONNULL = YES;
				CLANG_ANALYZER_NUMBER_OBJECT_CONVERSION = YES_AGGRESSIVE;
				CLANG_CXX_LANGUAGE_STANDARD = "gnu++14";
				CLANG_CXX_LIBRARY = "libc++";
				CLANG_ENABLE_MODULES = YES;
				CLANG_ENABLE_OBJC_ARC = YES;
				CLANG_ENABLE_OBJC_WEAK = YES;
				CLANG_WARN_BLOCK_CAPTURE_AUTORELEASING = YES;
				CLANG_WARN_BOOL_CONVERSION = YES;
				CLANG_WARN_COMMA = YES;
				CLANG_WARN_CONSTANT_CONVERSION = YES;
				CLANG_WARN_DEPRECATED_OBJC_IMPLEMENTATIONS = YES;
				CLANG_WARN_DIRECT_OBJC_ISA_USAGE = YES_ERROR;
				CLANG_WARN_DOCUMENTATION_COMMENTS = YES;
				CLANG_WARN_EMPTY_BODY = YES;
				CLANG_WARN_ENUM_CONVERSION = YES;
				CLANG_WARN_INFINITE_RECURSION = YES;
				CLANG_WARN_INT_CONVERSION = YES;
				CLANG_WARN_NON_LITERAL_NULL_CONVERSION = YES;
				CLANG_WARN_OBJC_IMPLICIT_RETAIN_SELF = YES;
				CLANG_WARN_OBJC_LITERAL_CONVERSION = YES;
				CLANG_WARN_OBJC_ROOT_CLASS = YES_ERROR;
				CLANG_WARN_RANGE_LOOP_ANALYSIS = YES;
				CLANG_WARN_STRICT_PROTOTYPES = YES;
				CLANG_WARN_SUSPICIOUS_MOVE = YES;
				CLANG_WARN_UNGUARDED_AVAILABILITY = YES_AGGRESSIVE;
				CLANG_WARN_UNREACHABLE_CODE = YES;
				CLANG_WARN__DUPLICATE_METHOD_MATCH = YES;
				CODE_SIGN_IDENTITY = "iPhone Developer";
				COPY_PHASE_STRIP = NO;
				DEBUG_INFORMATION_FORMAT = dwarf;
				ENABLE_STRICT_OBJC_MSGSEND = YES;
				ENABLE_TESTABILITY = YES;
				GCC_C_LANGUAGE_STANDARD = gnu11;
				GCC_DYNAMIC_NO_PIC = NO;
				GCC_NO_COMMON_BLOCKS = YES;
				GCC_OPTIMIZATION_LEVEL = 0;
				GCC_PREPROCESSOR_DEFINITIONS = (
					"DEBUG=1",
					"$(inherited)",
				);
				GCC_WARN_64_TO_32_BIT_CONVERSION = YES;
				GCC_WARN_ABOUT_RETURN_TYPE = YES_ERROR;
				GCC_WARN_UNDECLARED_SELECTOR = YES;
				GCC_WARN_UNINITIALIZED_AUTOS = YES_AGGRESSIVE;
				GCC_WARN_UNUSED_FUNCTION = YES;
				GCC_WARN_UNUSED_VARIABLE = YES;
				IPHONEOS_DEPLOYMENT_TARGET = 12.1;
				MTL_ENABLE_DEBUG_INFO = INCLUDE_SOURCE;
				MTL_FAST_MATH = YES;
				ONLY_ACTIVE_ARCH = YES;
				SDKROOT = iphoneos;
				SWIFT_ACTIVE_COMPILATION_CONDITIONS = DEBUG;
				SWIFT_OPTIMIZATION_LEVEL = "-Onone";
			};
			name = Debug;
		};
		DCD15DC1230499BA00D94A46 /* Release */ = {
			isa = XCBuildConfiguration;
			buildSettings = {
				ALWAYS_SEARCH_USER_PATHS = NO;
				CLANG_ANALYZER_NONNULL = YES;
				CLANG_ANALYZER_NUMBER_OBJECT_CONVERSION = YES_AGGRESSIVE;
				CLANG_CXX_LANGUAGE_STANDARD = "gnu++14";
				CLANG_CXX_LIBRARY = "libc++";
				CLANG_ENABLE_MODULES = YES;
				CLANG_ENABLE_OBJC_ARC = YES;
				CLANG_ENABLE_OBJC_WEAK = YES;
				CLANG_WARN_BLOCK_CAPTURE_AUTORELEASING = YES;
				CLANG_WARN_BOOL_CONVERSION = YES;
				CLANG_WARN_COMMA = YES;
				CLANG_WARN_CONSTANT_CONVERSION = YES;
				CLANG_WARN_DEPRECATED_OBJC_IMPLEMENTATIONS = YES;
				CLANG_WARN_DIRECT_OBJC_ISA_USAGE = YES_ERROR;
				CLANG_WARN_DOCUMENTATION_COMMENTS = YES;
				CLANG_WARN_EMPTY_BODY = YES;
				CLANG_WARN_ENUM_CONVERSION = YES;
				CLANG_WARN_INFINITE_RECURSION = YES;
				CLANG_WARN_INT_CONVERSION = YES;
				CLANG_WARN_NON_LITERAL_NULL_CONVERSION = YES;
				CLANG_WARN_OBJC_IMPLICIT_RETAIN_SELF = YES;
				CLANG_WARN_OBJC_LITERAL_CONVERSION = YES;
				CLANG_WARN_OBJC_ROOT_CLASS = YES_ERROR;
				CLANG_WARN_RANGE_LOOP_ANALYSIS = YES;
				CLANG_WARN_STRICT_PROTOTYPES = YES;
				CLANG_WARN_SUSPICIOUS_MOVE = YES;
				CLANG_WARN_UNGUARDED_AVAILABILITY = YES_AGGRESSIVE;
				CLANG_WARN_UNREACHABLE_CODE = YES;
				CLANG_WARN__DUPLICATE_METHOD_MATCH = YES;
				CODE_SIGN_IDENTITY = "iPhone Developer";
				COPY_PHASE_STRIP = NO;
				DEBUG_INFORMATION_FORMAT = "dwarf-with-dsym";
				ENABLE_NS_ASSERTIONS = NO;
				ENABLE_STRICT_OBJC_MSGSEND = YES;
				GCC_C_LANGUAGE_STANDARD = gnu11;
				GCC_NO_COMMON_BLOCKS = YES;
				GCC_WARN_64_TO_32_BIT_CONVERSION = YES;
				GCC_WARN_ABOUT_RETURN_TYPE = YES_ERROR;
				GCC_WARN_UNDECLARED_SELECTOR = YES;
				GCC_WARN_UNINITIALIZED_AUTOS = YES_AGGRESSIVE;
				GCC_WARN_UNUSED_FUNCTION = YES;
				GCC_WARN_UNUSED_VARIABLE = YES;
				IPHONEOS_DEPLOYMENT_TARGET = 12.1;
				MTL_ENABLE_DEBUG_INFO = NO;
				MTL_FAST_MATH = YES;
				SDKROOT = iphoneos;
				SWIFT_COMPILATION_MODE = wholemodule;
				SWIFT_OPTIMIZATION_LEVEL = "-O";
				VALIDATE_PRODUCT = YES;
			};
			name = Release;
		};
		DCD15DC3230499BA00D94A46 /* Debug */ = {
			isa = XCBuildConfiguration;
			buildSettings = {
				ASSETCATALOG_COMPILER_APPICON_NAME = AppIcon;
				CODE_SIGN_STYLE = Automatic;
				INFOPLIST_FILE = PhotoAlbum/Info.plist;
				LD_RUNPATH_SEARCH_PATHS = (
					"$(inherited)",
					"@executable_path/Frameworks",
				);
				PRODUCT_BUNDLE_IDENTIFIER = BudzkoVitali.PhotoAlbum;
				PRODUCT_NAME = "$(TARGET_NAME)";
				SWIFT_VERSION = 4.2;
				TARGETED_DEVICE_FAMILY = "1,2";
			};
			name = Debug;
		};
		DCD15DC4230499BA00D94A46 /* Release */ = {
			isa = XCBuildConfiguration;
			buildSettings = {
				ASSETCATALOG_COMPILER_APPICON_NAME = AppIcon;
				CODE_SIGN_STYLE = Automatic;
				INFOPLIST_FILE = PhotoAlbum/Info.plist;
				LD_RUNPATH_SEARCH_PATHS = (
					"$(inherited)",
					"@executable_path/Frameworks",
				);
				PRODUCT_BUNDLE_IDENTIFIER = BudzkoVitali.PhotoAlbum;
				PRODUCT_NAME = "$(TARGET_NAME)";
				SWIFT_VERSION = 4.2;
				TARGETED_DEVICE_FAMILY = "1,2";
			};
			name = Release;
		};
/* End XCBuildConfiguration section */

/* Begin XCConfigurationList section */
		DCD15DA8230499B400D94A46 /* Build configuration list for PBXProject "PhotoAlbum" */ = {
			isa = XCConfigurationList;
			buildConfigurations = (
				DCD15DC0230499BA00D94A46 /* Debug */,
				DCD15DC1230499BA00D94A46 /* Release */,
			);
			defaultConfigurationIsVisible = 0;
			defaultConfigurationName = Release;
		};
		DCD15DC2230499BA00D94A46 /* Build configuration list for PBXNativeTarget "PhotoAlbum" */ = {
			isa = XCConfigurationList;
			buildConfigurations = (
				DCD15DC3230499BA00D94A46 /* Debug */,
				DCD15DC4230499BA00D94A46 /* Release */,
			);
			defaultConfigurationIsVisible = 0;
			defaultConfigurationName = Release;
		};
/* End XCConfigurationList section */

/* Begin XCVersionGroup section */
		DCD15DB7230499B500D94A46 /* PhotoAlbum.xcdatamodeld */ = {
			isa = XCVersionGroup;
			children = (
				DCD15DB8230499B500D94A46 /* PhotoAlbum.xcdatamodel */,
			);
			currentVersion = DCD15DB8230499B500D94A46 /* PhotoAlbum.xcdatamodel */;
			path = PhotoAlbum.xcdatamodeld;
			sourceTree = "<group>";
			versionGroupType = wrapper.xcdatamodel;
		};
/* End XCVersionGroup section */
	};
	rootObject = DCD15DA5230499B400D94A46 /* Project object */;
}
